
Microsoft Visual Studio Solution File, Format Version 12.00
# Visual Studio Version 17
VisualStudioVersion = 17.7.34202.233
MinimumVisualStudioVersion = 10.0.40219.1
Project("{FAE04EC0-301F-11D3-BF4B-00C04F79EFBC}") = "ConsoleApp2", "ConsoleApp2\ConsoleApp2.csproj", "{8084AA03-E5EC-4796-BDD7-3797B63FDA7A}"
EndProject
Global
	GlobalSection(SolutionConfigurationPlatforms) = preSolution
		Debug|Any CPU = Debug|Any CPU
		Release|Any CPU = Release|Any CPU
	EndGlobalSection
	GlobalSection(ProjectConfigurationPlatforms) = postSolution
		{8084AA03-E5EC-4796-BDD7-3797B63FDA7A}.Debug|Any CPU.ActiveCfg = Debug|Any CPU
		{8084AA03-E5EC-4796-BDD7-3797B63FDA7A}.Debug|Any CPU.Build.0 = Debug|Any CPU
		{8084AA03-E5EC-4796-BDD7-3797B63FDA7A}.Release|Any CPU.ActiveCfg = Release|Any CPU
		{8084AA03-E5EC-4796-BDD7-3797B63FDA7A}.Release|Any CPU.Build.0 = Release|Any CPU
	EndGlobalSection
	GlobalSection(SolutionProperties) = preSolution
		HideSolutionNode = FALSE
	EndGlobalSection
	GlobalSection(ExtensibilityGlobals) = postSolution
		SolutionGuid = {6F31817E-B06C-4FAC-B155-657653F7122F}
	EndGlobalSection
EndGlobal
